
Microsoft Visual Studio Solution File, Format Version 12.00
# Visual Studio Version 17
VisualStudioVersion = 17.0.31912.275
MinimumVisualStudioVersion = 10.0.40219.1
Project("{9A19103F-16F7-4668-BE54-9A1E7A4F7556}") = "DisneyApi", "DisneyApi.csproj", "{AA270AEA-BE14-4531-9097-811B785D6ACB}"
EndProject
Project("{FAE04EC0-301F-11D3-BF4B-00C04F79EFBC}") = "DsineyApiTest", "..\DsineyApiTest\DsineyApiTest.csproj", "{70283320-6C10-4DB6-BE27-38F99493957C}"
EndProject
Global
	GlobalSection(SolutionConfigurationPlatforms) = preSolution
		Debug|Any CPU = Debug|Any CPU
		Release|Any CPU = Release|Any CPU
	EndGlobalSection
	GlobalSection(ProjectConfigurationPlatforms) = postSolution
		{AA270AEA-BE14-4531-9097-811B785D6ACB}.Debug|Any CPU.ActiveCfg = Debug|Any CPU
		{AA270AEA-BE14-4531-9097-811B785D6ACB}.Debug|Any CPU.Build.0 = Debug|Any CPU
		{AA270AEA-BE14-4531-9097-811B785D6ACB}.Release|Any CPU.ActiveCfg = Release|Any CPU
		{AA270AEA-BE14-4531-9097-811B785D6ACB}.Release|Any CPU.Build.0 = Release|Any CPU
		{70283320-6C10-4DB6-BE27-38F99493957C}.Debug|Any CPU.ActiveCfg = Debug|Any CPU
		{70283320-6C10-4DB6-BE27-38F99493957C}.Debug|Any CPU.Build.0 = Debug|Any CPU
		{70283320-6C10-4DB6-BE27-38F99493957C}.Release|Any CPU.ActiveCfg = Release|Any CPU
		{70283320-6C10-4DB6-BE27-38F99493957C}.Release|Any CPU.Build.0 = Release|Any CPU
	EndGlobalSection
	GlobalSection(SolutionProperties) = preSolution
		HideSolutionNode = FALSE
	EndGlobalSection
	GlobalSection(ExtensibilityGlobals) = postSolution
		SolutionGuid = {AC4A075C-482A-438B-BDBD-E81F0AC8450E}
	EndGlobalSection
EndGlobal
